<?xml version="1.0" encoding="utf-8"?>
<Project ToolsVersion="4.0" xmlns="http://schemas.microsoft.com/developer/msbuild/2003">
  <ItemGroup>
    <Filter Include="Source Files">
      <UniqueIdentifier>{62323579-84f2-4b16-b75c-d36610bf7457}</UniqueIdentifier>
    </Filter>
  </ItemGroup>
  <ItemGroup>
    <ClCompile Include="..\Modules\_tkinter.c">
      <Filter>Source Files</Filter>
    </ClCompile>
    <ClCompile Include="..\Modules\tkappinit.c">
      <Filter>Source Files</Filter>
    </ClCompile>
  </ItemGroup>
</Project>