<?xml version="1.0" encoding="utf-8"?>
<Project ToolsVersion="4.0" xmlns="http://schemas.microsoft.com/developer/msbuild/2003">
  <ItemGroup>
    <Filter Include="Source Files">
      <UniqueIdentifier>{85b42d87-5aa2-40f6-aeb7-888a4784d44e}</UniqueIdentifier>
    </Filter>
  </ItemGroup>
  <ItemGroup>
    <ClCompile Include="kill_python.c">
      <Filter>Source Files</Filter>
    </ClCompile>
  </ItemGroup>
</Project>